Microsoft Visual Studio Solution File, Format Version 12.00
# Visual Studio Version 17
VisualStudioVersion = 17.14.36414.22 d17.14
MinimumVisualStudioVersion = 10.0.40219.1
Project("{8BC9CEB8-8B4A-11D0-8D11-00A0C91BC942}") = "DriverTestApp", "DriverTestApp\DriverTestApp.vcxproj", "{A8D2E6F1-3B5C-4D7E-8F9A-1C2D3E4F5A6B}"
EndProject
Project("{8BC9CEB8-8B4A-11D0-8D11-00A0C91BC942}") = "ViaviSimulator", "ViaviSimulator\ViaviSimulator.vcxproj", "{B3C4D5E6-F7A8-49B0-C1D2-E3F4A5B6C7D8}"
EndProject
Project("{8BC9CEB8-8B4A-11D0-8D11-00A0C91BC942}") = "UDL.ViaviNSantecTester", "UDL.ViaviNSantecTester\UDL.ViaviNSantecTester.vcxproj", "{2CEFE38C-047A-49D0-8890-B45A10D06F2D}"
EndProject
Project("{8BC9CEB8-8B4A-11D0-8D11-00A0C91BC942}") = "SantecSimulator", "SantecSimulator\SantecSimulator.vcxproj", "{C4D5E6F7-A8B9-40C1-D2E3-F4A5B6C7D8E9}"
EndProject
Project("{8BC9CEB8-8B4A-11D0-8D11-00A0C91BC942}") = "UDL.OSX", "UDL.OSX\UDL.OSX.vcxproj", "{D1E2F3A4-B5C6-47D8-E9F0-A1B2C3D4E5F6}"
EndProject
Project("{8BC9CEB8-8B4A-11D0-8D11-00A0C91BC942}") = "OSXSimulator", "OSXSimulator\OSXSimulator.vcxproj", "{E2F3A4B5-C6D7-48E9-F0A1-B2C3D4E5F6A7}"
EndProject
Project("{8BC9CEB8-8B4A-11D0-8D11-00A0C91BC942}") = "OSXTestApp", "OSXTestApp\OSXTestApp.vcxproj", "{F3A4B5C6-D7E8-49F0-A1B2-C3D4E5F6A7B8}"
EndProject
Project("{8BC9CEB8-8B4A-11D0-8D11-00A0C91BC942}") = "OSXTestApp2", "OSXTestApp2\OSXTestApp2.vcxproj", "{1A2B3C4D-5E6F-47A8-B9C0-D1E2F3A4B5C6}"
EndProject
Project("{8BC9CEB8-8B4A-11D0-8D11-00A0C91BC942}") = "DriverTestApp2", "DriverTestApp2\DriverTestApp2.vcxproj", "{2B3C4D5E-6F7A-48B9-C0D1-E2F3A4B5C6D7}"
EndProject
Global
	GlobalSection(SolutionConfigurationPlatforms) = preSolution
		Debug|Win32 = Debug|Win32
		Debug|x64 = Debug|x64
		Release|Win32 = Release|Win32
		Release|x64 = Release|x64
	EndGlobalSection
	GlobalSection(ProjectConfigurationPlatforms) = postSolution
		{A8D2E6F1-3B5C-4D7E-8F9A-1C2D3E4F5A6B}.Debug|Win32.ActiveCfg = Debug|Win32
		{A8D2E6F1-3B5C-4D7E-8F9A-1C2D3E4F5A6B}.Debug|Win32.Build.0 = Debug|Win32
		{A8D2E6F1-3B5C-4D7E-8F9A-1C2D3E4F5A6B}.Debug|x64.ActiveCfg = Debug|x64
		{A8D2E6F1-3B5C-4D7E-8F9A-1C2D3E4F5A6B}.Debug|x64.Build.0 = Debug|x64
		{A8D2E6F1-3B5C-4D7E-8F9A-1C2D3E4F5A6B}.Release|Win32.ActiveCfg = Release|Win32
		{A8D2E6F1-3B5C-4D7E-8F9A-1C2D3E4F5A6B}.Release|Win32.Build.0 = Release|Win32
		{A8D2E6F1-3B5C-4D7E-8F9A-1C2D3E4F5A6B}.Release|x64.ActiveCfg = Release|x64
		{A8D2E6F1-3B5C-4D7E-8F9A-1C2D3E4F5A6B}.Release|x64.Build.0 = Release|x64
		{B3C4D5E6-F7A8-49B0-C1D2-E3F4A5B6C7D8}.Debug|Win32.ActiveCfg = Debug|Win32
		{B3C4D5E6-F7A8-49B0-C1D2-E3F4A5B6C7D8}.Debug|Win32.Build.0 = Debug|Win32
		{B3C4D5E6-F7A8-49B0-C1D2-E3F4A5B6C7D8}.Debug|x64.ActiveCfg = Debug|x64
		{B3C4D5E6-F7A8-49B0-C1D2-E3F4A5B6C7D8}.Debug|x64.Build.0 = Debug|x64
		{B3C4D5E6-F7A8-49B0-C1D2-E3F4A5B6C7D8}.Release|Win32.ActiveCfg = Release|Win32
		{B3C4D5E6-F7A8-49B0-C1D2-E3F4A5B6C7D8}.Release|Win32.Build.0 = Release|Win32
		{B3C4D5E6-F7A8-49B0-C1D2-E3F4A5B6C7D8}.Release|x64.ActiveCfg = Release|x64
		{B3C4D5E6-F7A8-49B0-C1D2-E3F4A5B6C7D8}.Release|x64.Build.0 = Release|x64
		{2CEFE38C-047A-49D0-8890-B45A10D06F2D}.Debug|Win32.ActiveCfg = Debug|Win32
		{2CEFE38C-047A-49D0-8890-B45A10D06F2D}.Debug|Win32.Build.0 = Debug|Win32
		{2CEFE38C-047A-49D0-8890-B45A10D06F2D}.Debug|x64.ActiveCfg = Debug|x64
		{2CEFE38C-047A-49D0-8890-B45A10D06F2D}.Debug|x64.Build.0 = Debug|x64
		{2CEFE38C-047A-49D0-8890-B45A10D06F2D}.Release|Win32.ActiveCfg = Release|Win32
		{2CEFE38C-047A-49D0-8890-B45A10D06F2D}.Release|Win32.Build.0 = Release|Win32
		{2CEFE38C-047A-49D0-8890-B45A10D06F2D}.Release|x64.ActiveCfg = Release|x64
		{2CEFE38C-047A-49D0-8890-B45A10D06F2D}.Release|x64.Build.0 = Release|x64
		{C4D5E6F7-A8B9-40C1-D2E3-F4A5B6C7D8E9}.Debug|Win32.ActiveCfg = Debug|Win32
		{C4D5E6F7-A8B9-40C1-D2E3-F4A5B6C7D8E9}.Debug|Win32.Build.0 = Debug|Win32
		{C4D5E6F7-A8B9-40C1-D2E3-F4A5B6C7D8E9}.Debug|x64.ActiveCfg = Debug|x64
		{C4D5E6F7-A8B9-40C1-D2E3-F4A5B6C7D8E9}.Debug|x64.Build.0 = Debug|x64
		{C4D5E6F7-A8B9-40C1-D2E3-F4A5B6C7D8E9}.Release|Win32.ActiveCfg = Release|Win32
		{C4D5E6F7-A8B9-40C1-D2E3-F4A5B6C7D8E9}.Release|Win32.Build.0 = Release|Win32
		{C4D5E6F7-A8B9-40C1-D2E3-F4A5B6C7D8E9}.Release|x64.ActiveCfg = Release|x64
		{C4D5E6F7-A8B9-40C1-D2E3-F4A5B6C7D8E9}.Release|x64.Build.0 = Release|x64
		{D1E2F3A4-B5C6-47D8-E9F0-A1B2C3D4E5F6}.Debug|Win32.ActiveCfg = Debug|Win32
		{D1E2F3A4-B5C6-47D8-E9F0-A1B2C3D4E5F6}.Debug|Win32.Build.0 = Debug|Win32
		{D1E2F3A4-B5C6-47D8-E9F0-A1B2C3D4E5F6}.Debug|x64.ActiveCfg = Debug|x64
		{D1E2F3A4-B5C6-47D8-E9F0-A1B2C3D4E5F6}.Debug|x64.Build.0 = Debug|x64
		{D1E2F3A4-B5C6-47D8-E9F0-A1B2C3D4E5F6}.Release|Win32.ActiveCfg = Release|Win32
		{D1E2F3A4-B5C6-47D8-E9F0-A1B2C3D4E5F6}.Release|Win32.Build.0 = Release|Win32
		{D1E2F3A4-B5C6-47D8-E9F0-A1B2C3D4E5F6}.Release|x64.ActiveCfg = Release|x64
		{D1E2F3A4-B5C6-47D8-E9F0-A1B2C3D4E5F6}.Release|x64.Build.0 = Release|x64
		{E2F3A4B5-C6D7-48E9-F0A1-B2C3D4E5F6A7}.Debug|Win32.ActiveCfg = Debug|Win32
		{E2F3A4B5-C6D7-48E9-F0A1-B2C3D4E5F6A7}.Debug|Win32.Build.0 = Debug|Win32
		{E2F3A4B5-C6D7-48E9-F0A1-B2C3D4E5F6A7}.Debug|x64.ActiveCfg = Debug|x64
		{E2F3A4B5-C6D7-48E9-F0A1-B2C3D4E5F6A7}.Debug|x64.Build.0 = Debug|x64
		{E2F3A4B5-C6D7-48E9-F0A1-B2C3D4E5F6A7}.Release|Win32.ActiveCfg = Release|Win32
		{E2F3A4B5-C6D7-48E9-F0A1-B2C3D4E5F6A7}.Release|Win32.Build.0 = Release|Win32
		{E2F3A4B5-C6D7-48E9-F0A1-B2C3D4E5F6A7}.Release|x64.ActiveCfg = Release|x64
		{E2F3A4B5-C6D7-48E9-F0A1-B2C3D4E5F6A7}.Release|x64.Build.0 = Release|x64
		{F3A4B5C6-D7E8-49F0-A1B2-C3D4E5F6A7B8}.Debug|Win32.ActiveCfg = Debug|Win32
		{F3A4B5C6-D7E8-49F0-A1B2-C3D4E5F6A7B8}.Debug|Win32.Build.0 = Debug|Win32
		{F3A4B5C6-D7E8-49F0-A1B2-C3D4E5F6A7B8}.Debug|x64.ActiveCfg = Debug|x64
		{F3A4B5C6-D7E8-49F0-A1B2-C3D4E5F6A7B8}.Debug|x64.Build.0 = Debug|x64
		{F3A4B5C6-D7E8-49F0-A1B2-C3D4E5F6A7B8}.Release|Win32.ActiveCfg = Release|Win32
		{F3A4B5C6-D7E8-49F0-A1B2-C3D4E5F6A7B8}.Release|Win32.Build.0 = Release|Win32
		{F3A4B5C6-D7E8-49F0-A1B2-C3D4E5F6A7B8}.Release|x64.ActiveCfg = Release|x64
		{F3A4B5C6-D7E8-49F0-A1B2-C3D4E5F6A7B8}.Release|x64.Build.0 = Release|x64
		{1A2B3C4D-5E6F-47A8-B9C0-D1E2F3A4B5C6}.Debug|Win32.ActiveCfg = Debug|Win32
		{1A2B3C4D-5E6F-47A8-B9C0-D1E2F3A4B5C6}.Debug|Win32.Build.0 = Debug|Win32
		{1A2B3C4D-5E6F-47A8-B9C0-D1E2F3A4B5C6}.Debug|x64.ActiveCfg = Debug|x64
		{1A2B3C4D-5E6F-47A8-B9C0-D1E2F3A4B5C6}.Debug|x64.Build.0 = Debug|x64
		{1A2B3C4D-5E6F-47A8-B9C0-D1E2F3A4B5C6}.Release|Win32.ActiveCfg = Release|Win32
		{1A2B3C4D-5E6F-47A8-B9C0-D1E2F3A4B5C6}.Release|Win32.Build.0 = Release|Win32
		{1A2B3C4D-5E6F-47A8-B9C0-D1E2F3A4B5C6}.Release|x64.ActiveCfg = Release|x64
		{1A2B3C4D-5E6F-47A8-B9C0-D1E2F3A4B5C6}.Release|x64.Build.0 = Release|x64
		{2B3C4D5E-6F7A-48B9-C0D1-E2F3A4B5C6D7}.Debug|Win32.ActiveCfg = Debug|Win32
		{2B3C4D5E-6F7A-48B9-C0D1-E2F3A4B5C6D7}.Debug|Win32.Build.0 = Debug|Win32
		{2B3C4D5E-6F7A-48B9-C0D1-E2F3A4B5C6D7}.Debug|x64.ActiveCfg = Debug|x64
		{2B3C4D5E-6F7A-48B9-C0D1-E2F3A4B5C6D7}.Debug|x64.Build.0 = Debug|x64
		{2B3C4D5E-6F7A-48B9-C0D1-E2F3A4B5C6D7}.Release|Win32.ActiveCfg = Release|Win32
		{2B3C4D5E-6F7A-48B9-C0D1-E2F3A4B5C6D7}.Release|Win32.Build.0 = Release|Win32
		{2B3C4D5E-6F7A-48B9-C0D1-E2F3A4B5C6D7}.Release|x64.ActiveCfg = Release|x64
		{2B3C4D5E-6F7A-48B9-C0D1-E2F3A4B5C6D7}.Release|x64.Build.0 = Release|x64
	EndGlobalSection
	GlobalSection(SolutionProperties) = preSolution
		HideSolutionNode = FALSE
	EndGlobalSection
	GlobalSection(ExtensibilityGlobals) = postSolution
		SolutionGuid = {59016129-7C1A-4067-9553-EC274D04F44E}
	EndGlobalSection
EndGlobal
