Microsoft Visual Studio Solution File, Format Version 12.00
# Visual Studio Version 17
VisualStudioVersion = 17.14.36414.22
MinimumVisualStudioVersion = 10.0.40219.1
Project("{8BC9CEB8-8B4A-11D0-8D11-00A0C91BC942}") = "UDL.SantecRLM", "UDL.SantecRLM\UDL.SantecRLM.vcxproj", "{2CEFE38C-047A-49D0-8890-B45A10D06F2D}"
EndProject
Project("{8BC9CEB8-8B4A-11D0-8D11-00A0C91BC942}") = "SantecSimulator", "SantecSimulator\SantecSimulator.vcxproj", "{C4D5E6F7-A8B9-40C1-D2E3-F4A5B6C7D8E9}"
EndProject
Project("{8BC9CEB8-8B4A-11D0-8D11-00A0C91BC942}") = "UDL.SantecOSX", "UDL.SantecOSX\UDL.SantecOSX.vcxproj", "{D1E2F3A4-B5C6-47D8-E9F0-A1B2C3D4E5F6}"
EndProject
Project("{8BC9CEB8-8B4A-11D0-8D11-00A0C91BC942}") = "SantecOSXSimulator", "OSXSimulator\OSXSimulator.vcxproj", "{E2F3A4B5-C6D7-48E9-F0A1-B2C3D4E5F6A7}"
EndProject
Project("{8BC9CEB8-8B4A-11D0-8D11-00A0C91BC942}") = "OSXTestApp2", "OSXTestApp2\OSXTestApp2.vcxproj", "{1A2B3C4D-5E6F-47A8-B9C0-D1E2F3A4B5C6}"
EndProject
Project("{8BC9CEB8-8B4A-11D0-8D11-00A0C91BC942}") = "DriverTestApp3", "DriverTestApp3\DriverTestApp3.vcxproj", "{D4E5F6A7-8B9C-0D1E-2F3A-4B5C6D7E8F90}"
EndProject
Project("{8BC9CEB8-8B4A-11D0-8D11-00A0C91BC942}") = "GMSApp", "GMSApp\GMSApp.vcxproj", "{A1B2C3D4-E5F6-7890-ABCD-EF1234567890}"
EndProject
Project("{8BC9CEB8-8B4A-11D0-8D11-00A0C91BC942}") = "UDL.ViaviPCT", "UDL.ViaviPCT\UDL.ViaviPCT.vcxproj", "{A3B7C8D1-E4F5-6A7B-8C9D-0E1F2A3B4C5D}"
EndProject
Project("{8BC9CEB8-8B4A-11D0-8D11-00A0C91BC942}") = "UDL.ViaviOSW", "UDL.ViaviOSW\UDL.ViaviOSW.vcxproj", "{B4C8D9E2-F5A6-7B8C-9D0E-1F2A3B4C5D6E}"
EndProject
Project("{8BC9CEB8-8B4A-11D0-8D11-00A0C91BC942}") = "ViaviPCTSimulator", "ViaviPCTSimulator\ViaviPCTSimulator.vcxproj", "{E1F2A3B4-C5D6-47E8-9F0A-1B2C3D4E5F60}"
EndProject
Project("{8BC9CEB8-8B4A-11D0-8D11-00A0C91BC942}") = "ViaviOSWSimulator", "ViaviOSWSimulator\ViaviOSWSimulator.vcxproj", "{F2A3B4C5-D6E7-48F9-A0B1-2C3D4E5F6A71}"
EndProject
Project("{8BC9CEB8-8B4A-11D0-8D11-00A0C91BC942}") = "ViaviApp", "ViaviApp\ViaviApp.vcxproj", "{C1D2E3F4-A5B6-7890-CDEF-123456789ABC}"
EndProject
Project("{8BC9CEB8-8B4A-11D0-8D11-00A0C91BC942}") = "SantecApp", "SantecApp\SantecApp.vcxproj", "{D2E3F4A5-B6C7-8901-DEFA-23456789ABCD}"
EndProject
Project("{2150E333-8FDC-42A3-9474-1A3956D46DE8}") = "Drivers", "Drivers", "{02EA681E-C7D8-13C7-8484-4AC65E1B71E8}"
EndProject
Project("{2150E333-8FDC-42A3-9474-1A3956D46DE8}") = "SImulators", "SImulators", "{2AB52393-74F0-4094-99C2-8BB947BE8266}"
EndProject
Project("{2150E333-8FDC-42A3-9474-1A3956D46DE8}") = "UITestApps", "UITestApps", "{682004CC-9D85-45F2-954A-1ED1C8B3970E}"
EndProject
Global
	GlobalSection(SolutionConfigurationPlatforms) = preSolution
		Debug|Win32 = Debug|Win32
		Debug|x64 = Debug|x64
		Release|Win32 = Release|Win32
		Release|x64 = Release|x64
	EndGlobalSection
	GlobalSection(ProjectConfigurationPlatforms) = postSolution
		{2CEFE38C-047A-49D0-8890-B45A10D06F2D}.Debug|Win32.ActiveCfg = Debug|Win32
		{2CEFE38C-047A-49D0-8890-B45A10D06F2D}.Debug|Win32.Build.0 = Debug|Win32
		{2CEFE38C-047A-49D0-8890-B45A10D06F2D}.Debug|x64.ActiveCfg = Debug|x64
		{2CEFE38C-047A-49D0-8890-B45A10D06F2D}.Debug|x64.Build.0 = Debug|x64
		{2CEFE38C-047A-49D0-8890-B45A10D06F2D}.Release|Win32.ActiveCfg = Release|Win32
		{2CEFE38C-047A-49D0-8890-B45A10D06F2D}.Release|Win32.Build.0 = Release|Win32
		{2CEFE38C-047A-49D0-8890-B45A10D06F2D}.Release|x64.ActiveCfg = Release|x64
		{2CEFE38C-047A-49D0-8890-B45A10D06F2D}.Release|x64.Build.0 = Release|x64
		{C4D5E6F7-A8B9-40C1-D2E3-F4A5B6C7D8E9}.Debug|Win32.ActiveCfg = Debug|Win32
		{C4D5E6F7-A8B9-40C1-D2E3-F4A5B6C7D8E9}.Debug|Win32.Build.0 = Debug|Win32
		{C4D5E6F7-A8B9-40C1-D2E3-F4A5B6C7D8E9}.Debug|x64.ActiveCfg = Debug|x64
		{C4D5E6F7-A8B9-40C1-D2E3-F4A5B6C7D8E9}.Debug|x64.Build.0 = Debug|x64
		{C4D5E6F7-A8B9-40C1-D2E3-F4A5B6C7D8E9}.Release|Win32.ActiveCfg = Release|Win32
		{C4D5E6F7-A8B9-40C1-D2E3-F4A5B6C7D8E9}.Release|Win32.Build.0 = Release|Win32
		{C4D5E6F7-A8B9-40C1-D2E3-F4A5B6C7D8E9}.Release|x64.ActiveCfg = Release|x64
		{C4D5E6F7-A8B9-40C1-D2E3-F4A5B6C7D8E9}.Release|x64.Build.0 = Release|x64
		{D1E2F3A4-B5C6-47D8-E9F0-A1B2C3D4E5F6}.Debug|Win32.ActiveCfg = Debug|Win32
		{D1E2F3A4-B5C6-47D8-E9F0-A1B2C3D4E5F6}.Debug|Win32.Build.0 = Debug|Win32
		{D1E2F3A4-B5C6-47D8-E9F0-A1B2C3D4E5F6}.Debug|x64.ActiveCfg = Debug|x64
		{D1E2F3A4-B5C6-47D8-E9F0-A1B2C3D4E5F6}.Debug|x64.Build.0 = Debug|x64
		{D1E2F3A4-B5C6-47D8-E9F0-A1B2C3D4E5F6}.Release|Win32.ActiveCfg = Release|Win32
		{D1E2F3A4-B5C6-47D8-E9F0-A1B2C3D4E5F6}.Release|Win32.Build.0 = Release|Win32
		{D1E2F3A4-B5C6-47D8-E9F0-A1B2C3D4E5F6}.Release|x64.ActiveCfg = Release|x64
		{D1E2F3A4-B5C6-47D8-E9F0-A1B2C3D4E5F6}.Release|x64.Build.0 = Release|x64
		{E2F3A4B5-C6D7-48E9-F0A1-B2C3D4E5F6A7}.Debug|Win32.ActiveCfg = Debug|Win32
		{E2F3A4B5-C6D7-48E9-F0A1-B2C3D4E5F6A7}.Debug|Win32.Build.0 = Debug|Win32
		{E2F3A4B5-C6D7-48E9-F0A1-B2C3D4E5F6A7}.Debug|x64.ActiveCfg = Debug|x64
		{E2F3A4B5-C6D7-48E9-F0A1-B2C3D4E5F6A7}.Debug|x64.Build.0 = Debug|x64
		{E2F3A4B5-C6D7-48E9-F0A1-B2C3D4E5F6A7}.Release|Win32.ActiveCfg = Release|Win32
		{E2F3A4B5-C6D7-48E9-F0A1-B2C3D4E5F6A7}.Release|Win32.Build.0 = Release|Win32
		{E2F3A4B5-C6D7-48E9-F0A1-B2C3D4E5F6A7}.Release|x64.ActiveCfg = Release|x64
		{E2F3A4B5-C6D7-48E9-F0A1-B2C3D4E5F6A7}.Release|x64.Build.0 = Release|x64
		{1A2B3C4D-5E6F-47A8-B9C0-D1E2F3A4B5C6}.Debug|Win32.ActiveCfg = Debug|Win32
		{1A2B3C4D-5E6F-47A8-B9C0-D1E2F3A4B5C6}.Debug|Win32.Build.0 = Debug|Win32
		{1A2B3C4D-5E6F-47A8-B9C0-D1E2F3A4B5C6}.Debug|x64.ActiveCfg = Debug|x64
		{1A2B3C4D-5E6F-47A8-B9C0-D1E2F3A4B5C6}.Debug|x64.Build.0 = Debug|x64
		{1A2B3C4D-5E6F-47A8-B9C0-D1E2F3A4B5C6}.Release|Win32.ActiveCfg = Release|Win32
		{1A2B3C4D-5E6F-47A8-B9C0-D1E2F3A4B5C6}.Release|Win32.Build.0 = Release|Win32
		{1A2B3C4D-5E6F-47A8-B9C0-D1E2F3A4B5C6}.Release|x64.ActiveCfg = Release|x64
		{1A2B3C4D-5E6F-47A8-B9C0-D1E2F3A4B5C6}.Release|x64.Build.0 = Release|x64
		{D4E5F6A7-8B9C-0D1E-2F3A-4B5C6D7E8F90}.Debug|Win32.ActiveCfg = Debug|Win32
		{D4E5F6A7-8B9C-0D1E-2F3A-4B5C6D7E8F90}.Debug|Win32.Build.0 = Debug|Win32
		{D4E5F6A7-8B9C-0D1E-2F3A-4B5C6D7E8F90}.Debug|x64.ActiveCfg = Debug|x64
		{D4E5F6A7-8B9C-0D1E-2F3A-4B5C6D7E8F90}.Debug|x64.Build.0 = Debug|x64
		{D4E5F6A7-8B9C-0D1E-2F3A-4B5C6D7E8F90}.Release|Win32.ActiveCfg = Release|Win32
		{D4E5F6A7-8B9C-0D1E-2F3A-4B5C6D7E8F90}.Release|Win32.Build.0 = Release|Win32
		{D4E5F6A7-8B9C-0D1E-2F3A-4B5C6D7E8F90}.Release|x64.ActiveCfg = Release|x64
		{D4E5F6A7-8B9C-0D1E-2F3A-4B5C6D7E8F90}.Release|x64.Build.0 = Release|x64
		{A1B2C3D4-E5F6-7890-ABCD-EF1234567890}.Debug|Win32.ActiveCfg = Debug|Win32
		{A1B2C3D4-E5F6-7890-ABCD-EF1234567890}.Debug|Win32.Build.0 = Debug|Win32
		{A1B2C3D4-E5F6-7890-ABCD-EF1234567890}.Debug|x64.ActiveCfg = Debug|x64
		{A1B2C3D4-E5F6-7890-ABCD-EF1234567890}.Debug|x64.Build.0 = Debug|x64
		{A1B2C3D4-E5F6-7890-ABCD-EF1234567890}.Release|Win32.ActiveCfg = Release|Win32
		{A1B2C3D4-E5F6-7890-ABCD-EF1234567890}.Release|Win32.Build.0 = Release|Win32
		{A1B2C3D4-E5F6-7890-ABCD-EF1234567890}.Release|x64.ActiveCfg = Release|x64
		{A1B2C3D4-E5F6-7890-ABCD-EF1234567890}.Release|x64.Build.0 = Release|x64
		{A3B7C8D1-E4F5-6A7B-8C9D-0E1F2A3B4C5D}.Debug|Win32.ActiveCfg = Debug|Win32
		{A3B7C8D1-E4F5-6A7B-8C9D-0E1F2A3B4C5D}.Debug|Win32.Build.0 = Debug|Win32
		{A3B7C8D1-E4F5-6A7B-8C9D-0E1F2A3B4C5D}.Debug|x64.ActiveCfg = Debug|x64
		{A3B7C8D1-E4F5-6A7B-8C9D-0E1F2A3B4C5D}.Debug|x64.Build.0 = Debug|x64
		{A3B7C8D1-E4F5-6A7B-8C9D-0E1F2A3B4C5D}.Release|Win32.ActiveCfg = Release|Win32
		{A3B7C8D1-E4F5-6A7B-8C9D-0E1F2A3B4C5D}.Release|Win32.Build.0 = Release|Win32
		{A3B7C8D1-E4F5-6A7B-8C9D-0E1F2A3B4C5D}.Release|x64.ActiveCfg = Release|x64
		{A3B7C8D1-E4F5-6A7B-8C9D-0E1F2A3B4C5D}.Release|x64.Build.0 = Release|x64
		{B4C8D9E2-F5A6-7B8C-9D0E-1F2A3B4C5D6E}.Debug|Win32.ActiveCfg = Debug|Win32
		{B4C8D9E2-F5A6-7B8C-9D0E-1F2A3B4C5D6E}.Debug|Win32.Build.0 = Debug|Win32
		{B4C8D9E2-F5A6-7B8C-9D0E-1F2A3B4C5D6E}.Debug|x64.ActiveCfg = Debug|x64
		{B4C8D9E2-F5A6-7B8C-9D0E-1F2A3B4C5D6E}.Debug|x64.Build.0 = Debug|x64
		{B4C8D9E2-F5A6-7B8C-9D0E-1F2A3B4C5D6E}.Release|Win32.ActiveCfg = Release|Win32
		{B4C8D9E2-F5A6-7B8C-9D0E-1F2A3B4C5D6E}.Release|Win32.Build.0 = Release|Win32
		{B4C8D9E2-F5A6-7B8C-9D0E-1F2A3B4C5D6E}.Release|x64.ActiveCfg = Release|x64
		{B4C8D9E2-F5A6-7B8C-9D0E-1F2A3B4C5D6E}.Release|x64.Build.0 = Release|x64
		{E1F2A3B4-C5D6-47E8-9F0A-1B2C3D4E5F60}.Debug|Win32.ActiveCfg = Debug|Win32
		{E1F2A3B4-C5D6-47E8-9F0A-1B2C3D4E5F60}.Debug|Win32.Build.0 = Debug|Win32
		{E1F2A3B4-C5D6-47E8-9F0A-1B2C3D4E5F60}.Debug|x64.ActiveCfg = Debug|x64
		{E1F2A3B4-C5D6-47E8-9F0A-1B2C3D4E5F60}.Debug|x64.Build.0 = Debug|x64
		{E1F2A3B4-C5D6-47E8-9F0A-1B2C3D4E5F60}.Release|Win32.ActiveCfg = Release|Win32
		{E1F2A3B4-C5D6-47E8-9F0A-1B2C3D4E5F60}.Release|Win32.Build.0 = Release|Win32
		{E1F2A3B4-C5D6-47E8-9F0A-1B2C3D4E5F60}.Release|x64.ActiveCfg = Release|x64
		{E1F2A3B4-C5D6-47E8-9F0A-1B2C3D4E5F60}.Release|x64.Build.0 = Release|x64
		{F2A3B4C5-D6E7-48F9-A0B1-2C3D4E5F6A71}.Debug|Win32.ActiveCfg = Debug|Win32
		{F2A3B4C5-D6E7-48F9-A0B1-2C3D4E5F6A71}.Debug|Win32.Build.0 = Debug|Win32
		{F2A3B4C5-D6E7-48F9-A0B1-2C3D4E5F6A71}.Debug|x64.ActiveCfg = Debug|x64
		{F2A3B4C5-D6E7-48F9-A0B1-2C3D4E5F6A71}.Debug|x64.Build.0 = Debug|x64
		{F2A3B4C5-D6E7-48F9-A0B1-2C3D4E5F6A71}.Release|Win32.ActiveCfg = Release|Win32
		{F2A3B4C5-D6E7-48F9-A0B1-2C3D4E5F6A71}.Release|Win32.Build.0 = Release|Win32
		{F2A3B4C5-D6E7-48F9-A0B1-2C3D4E5F6A71}.Release|x64.ActiveCfg = Release|x64
		{F2A3B4C5-D6E7-48F9-A0B1-2C3D4E5F6A71}.Release|x64.Build.0 = Release|x64
		{C1D2E3F4-A5B6-7890-CDEF-123456789ABC}.Debug|Win32.ActiveCfg = Debug|Win32
		{C1D2E3F4-A5B6-7890-CDEF-123456789ABC}.Debug|Win32.Build.0 = Debug|Win32
		{C1D2E3F4-A5B6-7890-CDEF-123456789ABC}.Debug|x64.ActiveCfg = Debug|x64
		{C1D2E3F4-A5B6-7890-CDEF-123456789ABC}.Debug|x64.Build.0 = Debug|x64
		{C1D2E3F4-A5B6-7890-CDEF-123456789ABC}.Release|Win32.ActiveCfg = Release|Win32
		{C1D2E3F4-A5B6-7890-CDEF-123456789ABC}.Release|Win32.Build.0 = Release|Win32
		{C1D2E3F4-A5B6-7890-CDEF-123456789ABC}.Release|x64.ActiveCfg = Release|x64
		{C1D2E3F4-A5B6-7890-CDEF-123456789ABC}.Release|x64.Build.0 = Release|x64
		{D2E3F4A5-B6C7-8901-DEFA-23456789ABCD}.Debug|Win32.ActiveCfg = Debug|Win32
		{D2E3F4A5-B6C7-8901-DEFA-23456789ABCD}.Debug|Win32.Build.0 = Debug|Win32
		{D2E3F4A5-B6C7-8901-DEFA-23456789ABCD}.Debug|x64.ActiveCfg = Debug|x64
		{D2E3F4A5-B6C7-8901-DEFA-23456789ABCD}.Debug|x64.Build.0 = Debug|x64
		{D2E3F4A5-B6C7-8901-DEFA-23456789ABCD}.Release|Win32.ActiveCfg = Release|Win32
		{D2E3F4A5-B6C7-8901-DEFA-23456789ABCD}.Release|Win32.Build.0 = Release|Win32
		{D2E3F4A5-B6C7-8901-DEFA-23456789ABCD}.Release|x64.ActiveCfg = Release|x64
		{D2E3F4A5-B6C7-8901-DEFA-23456789ABCD}.Release|x64.Build.0 = Release|x64
	EndGlobalSection
	GlobalSection(SolutionProperties) = preSolution
		HideSolutionNode = FALSE
	EndGlobalSection
	GlobalSection(NestedProjects) = preSolution
		{2CEFE38C-047A-49D0-8890-B45A10D06F2D} = {02EA681E-C7D8-13C7-8484-4AC65E1B71E8}
		{C4D5E6F7-A8B9-40C1-D2E3-F4A5B6C7D8E9} = {2AB52393-74F0-4094-99C2-8BB947BE8266}
		{D1E2F3A4-B5C6-47D8-E9F0-A1B2C3D4E5F6} = {02EA681E-C7D8-13C7-8484-4AC65E1B71E8}
		{E2F3A4B5-C6D7-48E9-F0A1-B2C3D4E5F6A7} = {2AB52393-74F0-4094-99C2-8BB947BE8266}
		{1A2B3C4D-5E6F-47A8-B9C0-D1E2F3A4B5C6} = {682004CC-9D85-45F2-954A-1ED1C8B3970E}
		{D4E5F6A7-8B9C-0D1E-2F3A-4B5C6D7E8F90} = {682004CC-9D85-45F2-954A-1ED1C8B3970E}
		{A1B2C3D4-E5F6-7890-ABCD-EF1234567890} = {682004CC-9D85-45F2-954A-1ED1C8B3970E}
		{A3B7C8D1-E4F5-6A7B-8C9D-0E1F2A3B4C5D} = {02EA681E-C7D8-13C7-8484-4AC65E1B71E8}
		{B4C8D9E2-F5A6-7B8C-9D0E-1F2A3B4C5D6E} = {02EA681E-C7D8-13C7-8484-4AC65E1B71E8}
		{E1F2A3B4-C5D6-47E8-9F0A-1B2C3D4E5F60} = {2AB52393-74F0-4094-99C2-8BB947BE8266}
		{F2A3B4C5-D6E7-48F9-A0B1-2C3D4E5F6A71} = {2AB52393-74F0-4094-99C2-8BB947BE8266}
		{C1D2E3F4-A5B6-7890-CDEF-123456789ABC} = {682004CC-9D85-45F2-954A-1ED1C8B3970E}
		{D2E3F4A5-B6C7-8901-DEFA-23456789ABCD} = {682004CC-9D85-45F2-954A-1ED1C8B3970E}
	EndGlobalSection
	GlobalSection(ExtensibilityGlobals) = postSolution
		SolutionGuid = {59016129-7C1A-4067-9553-EC274D04F44E}
	EndGlobalSection
EndGlobal
